
Microsoft Visual Studio Solution File, Format Version 12.00
# Visual Studio Version 17
VisualStudioVersion = 17.2.32526.322
MinimumVisualStudioVersion = 10.0.40219.1
Project("{8BC9CEB8-8B4A-11D0-8D11-00A0C91BC942}") = "Tutorial01", "Tutorial01\Tutorial01.vcxproj", "{3A541006-43CB-4CBB-84B5-7B88275E04E4}"
EndProject
Project("{8BC9CEB8-8B4A-11D0-8D11-00A0C91BC942}") = "Tutorial02", "Tutorial02\Tutorial02.vcxproj", "{74ACAD49-95D6-417D-889A-3955C0CDCA16}"
EndProject
Project("{8BC9CEB8-8B4A-11D0-8D11-00A0C91BC942}") = "Tutorial03", "Tutorial03\Tutorial03.vcxproj", "{84D7B2C5-F5A8-4E61-A9D4-90A65FDD7CB5}"
EndProject
Project("{8BC9CEB8-8B4A-11D0-8D11-00A0C91BC942}") = "Tutorial04", "Tutorial04\Tutorial04.vcxproj", "{68B1C818-14D0-4346-B61C-CABD8408E42B}"
EndProject
Project("{8BC9CEB8-8B4A-11D0-8D11-00A0C91BC942}") = "Tutorial05-Part01", "Tutorial05\Tutorial05.vcxproj", "{00B08606-215C-40DE-B1B5-0243F3EDB502}"
EndProject
Project("{8BC9CEB8-8B4A-11D0-8D11-00A0C91BC942}") = "Tutorial05-Part02", "Tutorial05-Part02\Tutorial05-Part02.vcxproj", "{33AD6650-77D2-4AAD-BE75-64942DCAB954}"
EndProject
Global
	GlobalSection(SolutionConfigurationPlatforms) = preSolution
		Debug|x64 = Debug|x64
		Debug|x86 = Debug|x86
		Release|x64 = Release|x64
		Release|x86 = Release|x86
	EndGlobalSection
	GlobalSection(ProjectConfigurationPlatforms) = postSolution
		{3A541006-43CB-4CBB-84B5-7B88275E04E4}.Debug|x64.ActiveCfg = Debug|x64
		{3A541006-43CB-4CBB-84B5-7B88275E04E4}.Debug|x64.Build.0 = Debug|x64
		{3A541006-43CB-4CBB-84B5-7B88275E04E4}.Debug|x86.ActiveCfg = Debug|Win32
		{3A541006-43CB-4CBB-84B5-7B88275E04E4}.Debug|x86.Build.0 = Debug|Win32
		{3A541006-43CB-4CBB-84B5-7B88275E04E4}.Release|x64.ActiveCfg = Release|x64
		{3A541006-43CB-4CBB-84B5-7B88275E04E4}.Release|x64.Build.0 = Release|x64
		{3A541006-43CB-4CBB-84B5-7B88275E04E4}.Release|x86.ActiveCfg = Release|Win32
		{3A541006-43CB-4CBB-84B5-7B88275E04E4}.Release|x86.Build.0 = Release|Win32
		{74ACAD49-95D6-417D-889A-3955C0CDCA16}.Debug|x64.ActiveCfg = Debug|x64
		{74ACAD49-95D6-417D-889A-3955C0CDCA16}.Debug|x64.Build.0 = Debug|x64
		{74ACAD49-95D6-417D-889A-3955C0CDCA16}.Debug|x86.ActiveCfg = Debug|Win32
		{74ACAD49-95D6-417D-889A-3955C0CDCA16}.Debug|x86.Build.0 = Debug|Win32
		{74ACAD49-95D6-417D-889A-3955C0CDCA16}.Release|x64.ActiveCfg = Release|x64
		{74ACAD49-95D6-417D-889A-3955C0CDCA16}.Release|x64.Build.0 = Release|x64
		{74ACAD49-95D6-417D-889A-3955C0CDCA16}.Release|x86.ActiveCfg = Release|Win32
		{74ACAD49-95D6-417D-889A-3955C0CDCA16}.Release|x86.Build.0 = Release|Win32
		{84D7B2C5-F5A8-4E61-A9D4-90A65FDD7CB5}.Debug|x64.ActiveCfg = Debug|x64
		{84D7B2C5-F5A8-4E61-A9D4-90A65FDD7CB5}.Debug|x64.Build.0 = Debug|x64
		{84D7B2C5-F5A8-4E61-A9D4-90A65FDD7CB5}.Debug|x86.ActiveCfg = Debug|Win32
		{84D7B2C5-F5A8-4E61-A9D4-90A65FDD7CB5}.Debug|x86.Build.0 = Debug|Win32
		{84D7B2C5-F5A8-4E61-A9D4-90A65FDD7CB5}.Release|x64.ActiveCfg = Release|x64
		{84D7B2C5-F5A8-4E61-A9D4-90A65FDD7CB5}.Release|x64.Build.0 = Release|x64
		{84D7B2C5-F5A8-4E61-A9D4-90A65FDD7CB5}.Release|x86.ActiveCfg = Release|Win32
		{84D7B2C5-F5A8-4E61-A9D4-90A65FDD7CB5}.Release|x86.Build.0 = Release|Win32
		{68B1C818-14D0-4346-B61C-CABD8408E42B}.Debug|x64.ActiveCfg = Debug|x64
		{68B1C818-14D0-4346-B61C-CABD8408E42B}.Debug|x64.Build.0 = Debug|x64
		{68B1C818-14D0-4346-B61C-CABD8408E42B}.Debug|x86.ActiveCfg = Debug|Win32
		{68B1C818-14D0-4346-B61C-CABD8408E42B}.Debug|x86.Build.0 = Debug|Win32
		{68B1C818-14D0-4346-B61C-CABD8408E42B}.Release|x64.ActiveCfg = Release|x64
		{68B1C818-14D0-4346-B61C-CABD8408E42B}.Release|x64.Build.0 = Release|x64
		{68B1C818-14D0-4346-B61C-CABD8408E42B}.Release|x86.ActiveCfg = Release|Win32
		{68B1C818-14D0-4346-B61C-CABD8408E42B}.Release|x86.Build.0 = Release|Win32
		{00B08606-215C-40DE-B1B5-0243F3EDB502}.Debug|x64.ActiveCfg = Debug|x64
		{00B08606-215C-40DE-B1B5-0243F3EDB502}.Debug|x64.Build.0 = Debug|x64
		{00B08606-215C-40DE-B1B5-0243F3EDB502}.Debug|x86.ActiveCfg = Debug|Win32
		{00B08606-215C-40DE-B1B5-0243F3EDB502}.Debug|x86.Build.0 = Debug|Win32
		{00B08606-215C-40DE-B1B5-0243F3EDB502}.Release|x64.ActiveCfg = Release|x64
		{00B08606-215C-40DE-B1B5-0243F3EDB502}.Release|x64.Build.0 = Release|x64
		{00B08606-215C-40DE-B1B5-0243F3EDB502}.Release|x86.ActiveCfg = Release|Win32
		{00B08606-215C-40DE-B1B5-0243F3EDB502}.Release|x86.Build.0 = Release|Win32
		{33AD6650-77D2-4AAD-BE75-64942DCAB954}.Debug|x64.ActiveCfg = Debug|x64
		{33AD6650-77D2-4AAD-BE75-64942DCAB954}.Debug|x64.Build.0 = Debug|x64
		{33AD6650-77D2-4AAD-BE75-64942DCAB954}.Debug|x86.ActiveCfg = Debug|Win32
		{33AD6650-77D2-4AAD-BE75-64942DCAB954}.Debug|x86.Build.0 = Debug|Win32
		{33AD6650-77D2-4AAD-BE75-64942DCAB954}.Release|x64.ActiveCfg = Release|x64
		{33AD6650-77D2-4AAD-BE75-64942DCAB954}.Release|x64.Build.0 = Release|x64
		{33AD6650-77D2-4AAD-BE75-64942DCAB954}.Release|x86.ActiveCfg = Release|Win32
		{33AD6650-77D2-4AAD-BE75-64942DCAB954}.Release|x86.Build.0 = Release|Win32
	EndGlobalSection
	GlobalSection(SolutionProperties) = preSolution
		HideSolutionNode = FALSE
	EndGlobalSection
	GlobalSection(ExtensibilityGlobals) = postSolution
		SolutionGuid = {81EA8B41-9975-40A1-A49A-E63F3AAAC64A}
	EndGlobalSection
EndGlobal
